// !$*UTF8*$!
{
	archiveVersion = 1;
	classes = {
	};
	objectVersion = 77;
	objects = {

/* Begin PBXContainerItemProxy section */
		C855F8912D2F70D5000225A5 /* PBXContainerItemProxy */ = {
			isa = PBXContainerItemProxy;
			containerPortal = C855F8782D2F70D2000225A5 /* Project object */;
			proxyType = 1;
			remoteGlobalIDString = C855F87F2D2F70D2000225A5;
			remoteInfo = LanguageTime;
		};
		C855F89B2D2F70D5000225A5 /* PBXContainerItemProxy */ = {
			isa = PBXContainerItemProxy;
			containerPortal = C855F8782D2F70D2000225A5 /* Project object */;
			proxyType = 1;
			remoteGlobalIDString = C855F87F2D2F70D2000225A5;
			remoteInfo = LanguageTime;
		};
/* End PBXContainerItemProxy section */

/* Begin PBXFileReference section */
		C855F8802D2F70D2000225A5 /* LanguageTime.app */ = {isa = PBXFileReference; explicitFileType = wrapper.application; includeInIndex = 0; path = LanguageTime.app; sourceTree = BUILT_PRODUCTS_DIR; };
		C855F8902D2F70D5000225A5 /* LanguageTimeTests.xctest */ = {isa = PBXFileReference; explicitFileType = wrapper.cfbundle; includeInIndex = 0; path = LanguageTimeTests.xctest; sourceTree = BUILT_PRODUCTS_DIR; };
		C855F89A2D2F70D5000225A5 /* LanguageTimeUITests.xctest */ = {isa = PBXFileReference; explicitFileType = wrapper.cfbundle; includeInIndex = 0; path = LanguageTimeUITests.xctest; sourceTree = BUILT_PRODUCTS_DIR; };
/* End PBXFileReference section */

/* Begin PBXFileSystemSynchronizedRootGroup section */
		C855F8822D2F70D2000225A5 /* LanguageTime */ = {
			isa = PBXFileSystemSynchronizedRootGroup;
			path = LanguageTime;
			sourceTree = "<group>";
		};
		C855F8932D2F70D5000225A5 /* LanguageTimeTests */ = {
			isa = PBXFileSystemSynchronizedRootGroup;
			path = LanguageTimeTests;
			sourceTree = "<group>";
		};
		C855F89D2D2F70D5000225A5 /* LanguageTimeUITests */ = {
			isa = PBXFileSystemSynchronizedRootGroup;
			path = LanguageTimeUITests;
			sourceTree = "<group>";
		};
/* End PBXFileSystemSynchronizedRootGroup section */

/* Begin PBXFrameworksBuildPhase section */
		C855F87D2D2F70D2000225A5 /* Frameworks */ = {
			isa = PBXFrameworksBuildPhase;
			buildActionMask = 2147483647;
			files = (
			);
			runOnlyForDeploymentPostprocessing = 0;
		};
		C855F88D2D2F70D5000225A5 /* Frameworks */ = {
			isa = PBXFrameworksBuildPhase;
			buildActionMask = 2147483647;
			files = (
			);
			runOnlyForDeploymentPostprocessing = 0;
		};
		C855F8972D2F70D5000225A5 /* Frameworks */ = {
			isa = PBXFrameworksBuildPhase;
			buildActionMask = 2147483647;
			files = (
			);
			runOnlyForDeploymentPostprocessing = 0;
		};
/* End PBXFrameworksBuildPhase section */

/* Begin PBXGroup section */
		C855F8772D2F70D2000225A5 = {
			isa = PBXGroup;
			children = (
				C855F8822D2F70D2000225A5 /* LanguageTime */,
				C855F8932D2F70D5000225A5 /* LanguageTimeTests */,
				C855F89D2D2F70D5000225A5 /* LanguageTimeUITests */,
				C855F8812D2F70D2000225A5 /* Products */,
			);
			sourceTree = "<group>";
		};
		C855F8812D2F70D2000225A5 /* Products */ = {
			isa = PBXGroup;
			children = (
				C855F8802D2F70D2000225A5 /* LanguageTime.app */,
				C855F8902D2F70D5000225A5 /* LanguageTimeTests.xctest */,
				C855F89A2D2F70D5000225A5 /* LanguageTimeUITests.xctest */,
			);
			name = Products;
			sourceTree = "<group>";
		};
/* End PBXGroup section */

/* Begin PBXNativeTarget section */
		C855F87F2D2F70D2000225A5 /* LanguageTime */ = {
			isa = PBXNativeTarget;
			buildConfigurationList = C855F8A42D2F70D5000225A5 /* Build configuration list for PBXNativeTarget "LanguageTime" */;
			buildPhases = (
				C855F87C2D2F70D2000225A5 /* Sources */,
				C855F87D2D2F70D2000225A5 /* Frameworks */,
				C855F87E2D2F70D2000225A5 /* Resources */,
			);
			buildRules = (
			);
			dependencies = (
			);
			fileSystemSynchronizedGroups = (
				C855F8822D2F70D2000225A5 /* LanguageTime */,
			);
			name = LanguageTime;
			packageProductDependencies = (
			);
			productName = LanguageTime;
			productReference = C855F8802D2F70D2000225A5 /* LanguageTime.app */;
			productType = "com.apple.product-type.application";
		};
		C855F88F2D2F70D5000225A5 /* LanguageTimeTests */ = {
			isa = PBXNativeTarget;
			buildConfigurationList = C855F8A72D2F70D5000225A5 /* Build configuration list for PBXNativeTarget "LanguageTimeTests" */;
			buildPhases = (
				C855F88C2D2F70D5000225A5 /* Sources */,
				C855F88D2D2F70D5000225A5 /* Frameworks */,
				C855F88E2D2F70D5000225A5 /* Resources */,
			);
			buildRules = (
			);
			dependencies = (
				C855F8922D2F70D5000225A5 /* PBXTargetDependency */,
			);
			fileSystemSynchronizedGroups = (
				C855F8932D2F70D5000225A5 /* LanguageTimeTests */,
			);
			name = LanguageTimeTests;
			packageProductDependencies = (
			);
			productName = LanguageTimeTests;
			productReference = C855F8902D2F70D5000225A5 /* LanguageTimeTests.xctest */;
			productType = "com.apple.product-type.bundle.unit-test";
		};
		C855F8992D2F70D5000225A5 /* LanguageTimeUITests */ = {
			isa = PBXNativeTarget;
			buildConfigurationList = C855F8AA2D2F70D5000225A5 /* Build configuration list for PBXNativeTarget "LanguageTimeUITests" */;
			buildPhases = (
				C855F8962D2F70D5000225A5 /* Sources */,
				C855F8972D2F70D5000225A5 /* Frameworks */,
				C855F8982D2F70D5000225A5 /* Resources */,
			);
			buildRules = (
			);
			dependencies = (
				C855F89C2D2F70D5000225A5 /* PBXTargetDependency */,
			);
			fileSystemSynchronizedGroups = (
				C855F89D2D2F70D5000225A5 /* LanguageTimeUITests */,
			);
			name = LanguageTimeUITests;
			packageProductDependencies = (
			);
			productName = LanguageTimeUITests;
			productReference = C855F89A2D2F70D5000225A5 /* LanguageTimeUITests.xctest */;
			productType = "com.apple.product-type.bundle.ui-testing";
		};
/* End PBXNativeTarget section */

/* Begin PBXProject section */
		C855F8782D2F70D2000225A5 /* Project object */ = {
			isa = PBXProject;
			attributes = {
				BuildIndependentTargetsInParallel = 1;
				LastSwiftUpdateCheck = 1620;
				LastUpgradeCheck = 1620;
				TargetAttributes = {
					C855F87F2D2F70D2000225A5 = {
						CreatedOnToolsVersion = 16.2;
					};
					C855F88F2D2F70D5000225A5 = {
						CreatedOnToolsVersion = 16.2;
						TestTargetID = C855F87F2D2F70D2000225A5;
					};
					C855F8992D2F70D5000225A5 = {
						CreatedOnToolsVersion = 16.2;
						TestTargetID = C855F87F2D2F70D2000225A5;
					};
				};
			};
			buildConfigurationList = C855F87B2D2F70D2000225A5 /* Build configuration list for PBXProject "LanguageTime" */;
			developmentRegion = en;
			hasScannedForEncodings = 0;
			knownRegions = (
				en,
				Base,
			);
			mainGroup = C855F8772D2F70D2000225A5;
			minimizedProjectReferenceProxies = 1;
			preferredProjectObjectVersion = 77;
			productRefGroup = C855F8812D2F70D2000225A5 /* Products */;
			projectDirPath = "";
			projectRoot = "";
			targets = (
				C855F87F2D2F70D2000225A5 /* LanguageTime */,
				C855F88F2D2F70D5000225A5 /* LanguageTimeTests */,
				C855F8992D2F70D5000225A5 /* LanguageTimeUITests */,
			);
		};
/* End PBXProject section */

/* Begin PBXResourcesBuildPhase section */
		C855F87E2D2F70D2000225A5 /* Resources */ = {
			isa = PBXResourcesBuildPhase;
			buildActionMask = 2147483647;
			files = (
			);
			runOnlyForDeploymentPostprocessing = 0;
		};
		C855F88E2D2F70D5000225A5 /* Resources */ = {
			isa = PBXResourcesBuildPhase;
			buildActionMask = 2147483647;
			files = (
			);
			runOnlyForDeploymentPostprocessing = 0;
		};
		C855F8982D2F70D5000225A5 /* Resources */ = {
			isa = PBXResourcesBuildPhase;
			buildActionMask = 2147483647;
			files = (
			);
			runOnlyForDeploymentPostprocessing = 0;
		};
/* End PBXResourcesBuildPhase section */

/* Begin PBXSourcesBuildPhase section */
		C855F87C2D2F70D2000225A5 /* Sources */ = {
			isa = PBXSourcesBuildPhase;
			buildActionMask = 2147483647;
			files = (
			);
			runOnlyForDeploymentPostprocessing = 0;
		};
		C855F88C2D2F70D5000225A5 /* Sources */ = {
			isa = PBXSourcesBuildPhase;
			buildActionMask = 2147483647;
			files = (
			);
			runOnlyForDeploymentPostprocessing = 0;
		};
		C855F8962D2F70D5000225A5 /* Sources */ = {
			isa = PBXSourcesBuildPhase;
			buildActionMask = 2147483647;
			files = (
			);
			runOnlyForDeploymentPostprocessing = 0;
		};
/* End PBXSourcesBuildPhase section */

/* Begin PBXTargetDependency section */
		C855F8922D2F70D5000225A5 /* PBXTargetDependency */ = {
			isa = PBXTargetDependency;
			target = C855F87F2D2F70D2000225A5 /* LanguageTime */;
			targetProxy = C855F8912D2F70D5000225A5 /* PBXContainerItemProxy */;
		};
		C855F89C2D2F70D5000225A5 /* PBXTargetDependency */ = {
			isa = PBXTargetDependency;
			target = C855F87F2D2F70D2000225A5 /* LanguageTime */;
			targetProxy = C855F89B2D2F70D5000225A5 /* PBXContainerItemProxy */;
		};
/* End PBXTargetDependency section */

/* Begin XCBuildConfiguration section */
		C855F8A22D2F70D5000225A5 /* Debug */ = {
			isa = XCBuildConfiguration;
			buildSettings = {
				ALWAYS_SEARCH_USER_PATHS = NO;
				ASSETCATALOG_COMPILER_GENERATE_SWIFT_ASSET_SYMBOL_EXTENSIONS = YES;
				CLANG_ANALYZER_NONNULL = YES;
				CLANG_ANALYZER_NUMBER_OBJECT_CONVERSION = YES_AGGRESSIVE;
				CLANG_CXX_LANGUAGE_STANDARD = "gnu++20";
				CLANG_ENABLE_MODULES = YES;
				CLANG_ENABLE_OBJC_ARC = YES;
				CLANG_ENABLE_OBJC_WEAK = YES;
				CLANG_WARN_BLOCK_CAPTURE_AUTORELEASING = YES;
				CLANG_WARN_BOOL_CONVERSION = YES;
				CLANG_WARN_COMMA = YES;
				CLANG_WARN_CONSTANT_CONVERSION = YES;
				CLANG_WARN_DEPRECATED_OBJC_IMPLEMENTATIONS = YES;
				CLANG_WARN_DIRECT_OBJC_ISA_USAGE = YES_ERROR;
				CLANG_WARN_DOCUMENTATION_COMMENTS = YES;
				CLANG_WARN_EMPTY_BODY = YES;
				CLANG_WARN_ENUM_CONVERSION = YES;
				CLANG_WARN_INFINITE_RECURSION = YES;
				CLANG_WARN_INT_CONVERSION = YES;
				CLANG_WARN_NON_LITERAL_NULL_CONVERSION = YES;
				CLANG_WARN_OBJC_IMPLICIT_RETAIN_SELF = YES;
				CLANG_WARN_OBJC_LITERAL_CONVERSION = YES;
				CLANG_WARN_OBJC_ROOT_CLASS = YES_ERROR;
				CLANG_WARN_QUOTED_INCLUDE_IN_FRAMEWORK_HEADER = YES;
				CLANG_WARN_RANGE_LOOP_ANALYSIS = YES;
				CLANG_WARN_STRICT_PROTOTYPES = YES;
				CLANG_WARN_SUSPICIOUS_MOVE = YES;
				CLANG_WARN_UNGUARDED_AVAILABILITY = YES_AGGRESSIVE;
				CLANG_WARN_UNREACHABLE_CODE = YES;
				CLANG_WARN__DUPLICATE_METHOD_MATCH = YES;
				COPY_PHASE_STRIP = NO;
				DEBUG_INFORMATION_FORMAT = dwarf;
				ENABLE_STRICT_OBJC_MSGSEND = YES;
				ENABLE_TESTABILITY = YES;
				ENABLE_USER_SCRIPT_SANDBOXING = YES;
				GCC_C_LANGUAGE_STANDARD = gnu17;
				GCC_DYNAMIC_NO_PIC = NO;
				GCC_NO_COMMON_BLOCKS = YES;
				GCC_OPTIMIZATION_LEVEL = 0;
				GCC_PREPROCESSOR_DEFINITIONS = (
					"DEBUG=1",
					"$(inherited)",
				);
				GCC_WARN_64_TO_32_BIT_CONVERSION = YES;
				GCC_WARN_ABOUT_RETURN_TYPE = YES_ERROR;
				GCC_WARN_UNDECLARED_SELECTOR = YES;
				GCC_WARN_UNINITIALIZED_AUTOS = YES_AGGRESSIVE;
				GCC_WARN_UNUSED_FUNCTION = YES;
				GCC_WARN_UNUSED_VARIABLE = YES;
				IPHONEOS_DEPLOYMENT_TARGET = 18.2;
				LOCALIZATION_PREFERS_STRING_CATALOGS = YES;
				MTL_ENABLE_DEBUG_INFO = INCLUDE_SOURCE;
				MTL_FAST_MATH = YES;
				ONLY_ACTIVE_ARCH = YES;
				SDKROOT = iphoneos;
				SWIFT_ACTIVE_COMPILATION_CONDITIONS = "DEBUG $(inherited)";
				SWIFT_OPTIMIZATION_LEVEL = "-Onone";
			};
			name = Debug;
		};
		C855F8A32D2F70D5000225A5 /* Release */ = {
			isa = XCBuildConfiguration;
			buildSettings = {
				ALWAYS_SEARCH_USER_PATHS = NO;
				ASSETCATALOG_COMPILER_GENERATE_SWIFT_ASSET_SYMBOL_EXTENSIONS = YES;
				CLANG_ANALYZER_NONNULL = YES;
				CLANG_ANALYZER_NUMBER_OBJECT_CONVERSION = YES_AGGRESSIVE;
				CLANG_CXX_LANGUAGE_STANDARD = "gnu++20";
				CLANG_ENABLE_MODULES = YES;
				CLANG_ENABLE_OBJC_ARC = YES;
				CLANG_ENABLE_OBJC_WEAK = YES;
				CLANG_WARN_BLOCK_CAPTURE_AUTORELEASING = YES;
				CLANG_WARN_BOOL_CONVERSION = YES;
				CLANG_WARN_COMMA = YES;
				CLANG_WARN_CONSTANT_CONVERSION = YES;
				CLANG_WARN_DEPRECATED_OBJC_IMPLEMENTATIONS = YES;
				CLANG_WARN_DIRECT_OBJC_ISA_USAGE = YES_ERROR;
				CLANG_WARN_DOCUMENTATION_COMMENTS = YES;
				CLANG_WARN_EMPTY_BODY = YES;
				CLANG_WARN_ENUM_CONVERSION = YES;
				CLANG_WARN_INFINITE_RECURSION = YES;
				CLANG_WARN_INT_CONVERSION = YES;
				CLANG_WARN_NON_LITERAL_NULL_CONVERSION = YES;
				CLANG_WARN_OBJC_IMPLICIT_RETAIN_SELF = YES;
				CLANG_WARN_OBJC_LITERAL_CONVERSION = YES;
				CLANG_WARN_OBJC_ROOT_CLASS = YES_ERROR;
				CLANG_WARN_QUOTED_INCLUDE_IN_FRAMEWORK_HEADER = YES;
				CLANG_WARN_RANGE_LOOP_ANALYSIS = YES;
				CLANG_WARN_STRICT_PROTOTYPES = YES;
				CLANG_WARN_SUSPICIOUS_MOVE = YES;
				CLANG_WARN_UNGUARDED_AVAILABILITY = YES_AGGRESSIVE;
				CLANG_WARN_UNREACHABLE_CODE = YES;
				CLANG_WARN__DUPLICATE_METHOD_MATCH = YES;
				COPY_PHASE_STRIP = NO;
				DEBUG_INFORMATION_FORMAT = "dwarf-with-dsym";
				ENABLE_NS_ASSERTIONS = NO;
				ENABLE_STRICT_OBJC_MSGSEND = YES;
				ENABLE_USER_SCRIPT_SANDBOXING = YES;
				GCC_C_LANGUAGE_STANDARD = gnu17;
				GCC_NO_COMMON_BLOCKS = YES;
				GCC_WARN_64_TO_32_BIT_CONVERSION = YES;
				GCC_WARN_ABOUT_RETURN_TYPE = YES_ERROR;
				GCC_WARN_UNDECLARED_SELECTOR = YES;
				GCC_WARN_UNINITIALIZED_AUTOS = YES_AGGRESSIVE;
				GCC_WARN_UNUSED_FUNCTION = YES;
				GCC_WARN_UNUSED_VARIABLE = YES;
				IPHONEOS_DEPLOYMENT_TARGET = 18.2;
				LOCALIZATION_PREFERS_STRING_CATALOGS = YES;
				MTL_ENABLE_DEBUG_INFO = NO;
				MTL_FAST_MATH = YES;
				SDKROOT = iphoneos;
				SWIFT_COMPILATION_MODE = wholemodule;
				VALIDATE_PRODUCT = YES;
			};
			name = Release;
		};
		C855F8A52D2F70D5000225A5 /* Debug */ = {
			isa = XCBuildConfiguration;
			buildSettings = {
				ASSETCATALOG_COMPILER_APPICON_NAME = AppIcon;
				ASSETCATALOG_COMPILER_GLOBAL_ACCENT_COLOR_NAME = AccentColor;
				CODE_SIGN_STYLE = Automatic;
				CURRENT_PROJECT_VERSION = 1;
				DEVELOPMENT_ASSET_PATHS = "\"LanguageTime/Preview Content\"";
				ENABLE_PREVIEWS = YES;
				GENERATE_INFOPLIST_FILE = YES;
				INFOPLIST_KEY_UIApplicationSceneManifest_Generation = YES;
				INFOPLIST_KEY_UIApplicationSupportsIndirectInputEvents = YES;
				INFOPLIST_KEY_UILaunchScreen_Generation = YES;
				INFOPLIST_KEY_UISupportedInterfaceOrientations_iPad = "UIInterfaceOrientationPortrait UIInterfaceOrientationPortraitUpsideDown UIInterfaceOrientationLandscapeLeft UIInterfaceOrientationLandscapeRight";
				INFOPLIST_KEY_UISupportedInterfaceOrientations_iPhone = "UIInterfaceOrientationPortrait UIInterfaceOrientationLandscapeLeft UIInterfaceOrientationLandscapeRight";
				LD_RUNPATH_SEARCH_PATHS = (
					"$(inherited)",
					"@executable_path/Frameworks",
				);
				MARKETING_VERSION = 1.0;
				PRODUCT_BUNDLE_IDENTIFIER = jbxlu.LanguageTime;
				PRODUCT_NAME = "$(TARGET_NAME)";
				SWIFT_EMIT_LOC_STRINGS = YES;
				SWIFT_VERSION = 5.0;
				TARGETED_DEVICE_FAMILY = "1,2";
			};
			name = Debug;
		};
		C855F8A62D2F70D5000225A5 /* Release */ = {
			isa = XCBuildConfiguration;
			buildSettings = {
				ASSETCATALOG_COMPILER_APPICON_NAME = AppIcon;
				ASSETCATALOG_COMPILER_GLOBAL_ACCENT_COLOR_NAME = AccentColor;
				CODE_SIGN_STYLE = Automatic;
				CURRENT_PROJECT_VERSION = 1;
				DEVELOPMENT_ASSET_PATHS = "\"LanguageTime/Preview Content\"";
				ENABLE_PREVIEWS = YES;
				GENERATE_INFOPLIST_FILE = YES;
				INFOPLIST_KEY_UIApplicationSceneManifest_Generation = YES;
				INFOPLIST_KEY_UIApplicationSupportsIndirectInputEvents = YES;
				INFOPLIST_KEY_UILaunchScreen_Generation = YES;
				INFOPLIST_KEY_UISupportedInterfaceOrientations_iPad = "UIInterfaceOrientationPortrait UIInterfaceOrientationPortraitUpsideDown UIInterfaceOrientationLandscapeLeft UIInterfaceOrientationLandscapeRight";
				INFOPLIST_KEY_UISupportedInterfaceOrientations_iPhone = "UIInterfaceOrientationPortrait UIInterfaceOrientationLandscapeLeft UIInterfaceOrientationLandscapeRight";
				LD_RUNPATH_SEARCH_PATHS = (
					"$(inherited)",
					"@executable_path/Frameworks",
				);
				MARKETING_VERSION = 1.0;
				PRODUCT_BUNDLE_IDENTIFIER = jbxlu.LanguageTime;
				PRODUCT_NAME = "$(TARGET_NAME)";
				SWIFT_EMIT_LOC_STRINGS = YES;
				SWIFT_VERSION = 5.0;
				TARGETED_DEVICE_FAMILY = "1,2";
			};
			name = Release;
		};
		C855F8A82D2F70D5000225A5 /* Debug */ = {
			isa = XCBuildConfiguration;
			buildSettings = {
				BUNDLE_LOADER = "$(TEST_HOST)";
				CODE_SIGN_STYLE = Automatic;
				CURRENT_PROJECT_VERSION = 1;
				GENERATE_INFOPLIST_FILE = YES;
				IPHONEOS_DEPLOYMENT_TARGET = 18.2;
				MARKETING_VERSION = 1.0;
				PRODUCT_BUNDLE_IDENTIFIER = jbxlu.LanguageTimeTests;
				PRODUCT_NAME = "$(TARGET_NAME)";
				SWIFT_EMIT_LOC_STRINGS = NO;
				SWIFT_VERSION = 5.0;
				TARGETED_DEVICE_FAMILY = "1,2";
				TEST_HOST = "$(BUILT_PRODUCTS_DIR)/LanguageTime.app/$(BUNDLE_EXECUTABLE_FOLDER_PATH)/LanguageTime";
			};
			name = Debug;
		};
		C855F8A92D2F70D5000225A5 /* Release */ = {
			isa = XCBuildConfiguration;
			buildSettings = {
				BUNDLE_LOADER = "$(TEST_HOST)";
				CODE_SIGN_STYLE = Automatic;
				CURRENT_PROJECT_VERSION = 1;
				GENERATE_INFOPLIST_FILE = YES;
				IPHONEOS_DEPLOYMENT_TARGET = 18.2;
				MARKETING_VERSION = 1.0;
				PRODUCT_BUNDLE_IDENTIFIER = jbxlu.LanguageTimeTests;
				PRODUCT_NAME = "$(TARGET_NAME)";
				SWIFT_EMIT_LOC_STRINGS = NO;
				SWIFT_VERSION = 5.0;
				TARGETED_DEVICE_FAMILY = "1,2";
				TEST_HOST = "$(BUILT_PRODUCTS_DIR)/LanguageTime.app/$(BUNDLE_EXECUTABLE_FOLDER_PATH)/LanguageTime";
			};
			name = Release;
		};
		C855F8AB2D2F70D5000225A5 /* Debug */ = {
			isa = XCBuildConfiguration;
			buildSettings = {
				CODE_SIGN_STYLE = Automatic;
				CURRENT_PROJECT_VERSION = 1;
				GENERATE_INFOPLIST_FILE = YES;
				MARKETING_VERSION = 1.0;
				PRODUCT_BUNDLE_IDENTIFIER = jbxlu.LanguageTimeUITests;
				PRODUCT_NAME = "$(TARGET_NAME)";
				SWIFT_EMIT_LOC_STRINGS = NO;
				SWIFT_VERSION = 5.0;
				TARGETED_DEVICE_FAMILY = "1,2";
				TEST_TARGET_NAME = LanguageTime;
			};
			name = Debug;
		};
		C855F8AC2D2F70D5000225A5 /* Release */ = {
			isa = XCBuildConfiguration;
			buildSettings = {
				CODE_SIGN_STYLE = Automatic;
				CURRENT_PROJECT_VERSION = 1;
				GENERATE_INFOPLIST_FILE = YES;
				MARKETING_VERSION = 1.0;
				PRODUCT_BUNDLE_IDENTIFIER = jbxlu.LanguageTimeUITests;
				PRODUCT_NAME = "$(TARGET_NAME)";
				SWIFT_EMIT_LOC_STRINGS = NO;
				SWIFT_VERSION = 5.0;
				TARGETED_DEVICE_FAMILY = "1,2";
				TEST_TARGET_NAME = LanguageTime;
			};
			name = Release;
		};
/* End XCBuildConfiguration section */

/* Begin XCConfigurationList section */
		C855F87B2D2F70D2000225A5 /* Build configuration list for PBXProject "LanguageTime" */ = {
			isa = XCConfigurationList;
			buildConfigurations = (
				C855F8A22D2F70D5000225A5 /* Debug */,
				C855F8A32D2F70D5000225A5 /* Release */,
			);
			defaultConfigurationIsVisible = 0;
			defaultConfigurationName = Release;
		};
		C855F8A42D2F70D5000225A5 /* Build configuration list for PBXNativeTarget "LanguageTime" */ = {
			isa = XCConfigurationList;
			buildConfigurations = (
				C855F8A52D2F70D5000225A5 /* Debug */,
				C855F8A62D2F70D5000225A5 /* Release */,
			);
			defaultConfigurationIsVisible = 0;
			defaultConfigurationName = Release;
		};
		C855F8A72D2F70D5000225A5 /* Build configuration list for PBXNativeTarget "LanguageTimeTests" */ = {
			isa = XCConfigurationList;
			buildConfigurations = (
				C855F8A82D2F70D5000225A5 /* Debug */,
				C855F8A92D2F70D5000225A5 /* Release */,
			);
			defaultConfigurationIsVisible = 0;
			defaultConfigurationName = Release;
		};
		C855F8AA2D2F70D5000225A5 /* Build configuration list for PBXNativeTarget "LanguageTimeUITests" */ = {
			isa = XCConfigurationList;
			buildConfigurations = (
				C855F8AB2D2F70D5000225A5 /* Debug */,
				C855F8AC2D2F70D5000225A5 /* Release */,
			);
			defaultConfigurationIsVisible = 0;
			defaultConfigurationName = Release;
		};
/* End XCConfigurationList section */
	};
	rootObject = C855F8782D2F70D2000225A5 /* Project object */;
}
